
Microsoft Visual Studio Solution File, Format Version 12.00
# Visual Studio Version 16
VisualStudioVersion = 16.0.30717.126
MinimumVisualStudioVersion = 10.0.40219.1
Project("{FAE04EC0-301F-11D3-BF4B-00C04F79EFBC}") = "WarframeDiscordBot", "WarframeDiscordBot.csproj", "{D232FEA7-8BE4-4EDE-A57B-16FDB577BE54}"
EndProject
Global
	GlobalSection(SolutionConfigurationPlatforms) = preSolution
		Debug|Any CPU = Debug|Any CPU
		Release|Any CPU = Release|Any CPU
	EndGlobalSection
	GlobalSection(ProjectConfigurationPlatforms) = postSolution
		{D232FEA7-8BE4-4EDE-A57B-16FDB577BE54}.Debug|Any CPU.ActiveCfg = Debug|Any CPU
		{D232FEA7-8BE4-4EDE-A57B-16FDB577BE54}.Debug|Any CPU.Build.0 = Debug|Any CPU
		{D232FEA7-8BE4-4EDE-A57B-16FDB577BE54}.Release|Any CPU.ActiveCfg = Release|Any CPU
		{D232FEA7-8BE4-4EDE-A57B-16FDB577BE54}.Release|Any CPU.Build.0 = Release|Any CPU
	EndGlobalSection
	GlobalSection(SolutionProperties) = preSolution
		HideSolutionNode = FALSE
	EndGlobalSection
	GlobalSection(ExtensibilityGlobals) = postSolution
		SolutionGuid = {F222A4A1-B0A1-41E7-85D5-85425130C2E6}
	EndGlobalSection
EndGlobal
